
Microsoft Visual Studio Solution File, Format Version 12.00
# Visual Studio Version 17
VisualStudioVersion = 17.9.34728.123
MinimumVisualStudioVersion = 10.0.40219.1
Project("{FAE04EC0-301F-11D3-BF4B-00C04F79EFBC}") = "Øvelse 5.9", "Øvelse 5.9\Øvelse 5.9.csproj", "{9CD8D05E-A035-44A3-AB1B-1EFC406F34E1}"
EndProject
Global
	GlobalSection(SolutionConfigurationPlatforms) = preSolution
		Debug|Any CPU = Debug|Any CPU
		Release|Any CPU = Release|Any CPU
	EndGlobalSection
	GlobalSection(ProjectConfigurationPlatforms) = postSolution
		{9CD8D05E-A035-44A3-AB1B-1EFC406F34E1}.Debug|Any CPU.ActiveCfg = Debug|Any CPU
		{9CD8D05E-A035-44A3-AB1B-1EFC406F34E1}.Debug|Any CPU.Build.0 = Debug|Any CPU
		{9CD8D05E-A035-44A3-AB1B-1EFC406F34E1}.Release|Any CPU.ActiveCfg = Release|Any CPU
		{9CD8D05E-A035-44A3-AB1B-1EFC406F34E1}.Release|Any CPU.Build.0 = Release|Any CPU
	EndGlobalSection
	GlobalSection(SolutionProperties) = preSolution
		HideSolutionNode = FALSE
	EndGlobalSection
	GlobalSection(ExtensibilityGlobals) = postSolution
		SolutionGuid = {F4381E19-7206-4CF4-BF35-CF8EC7459576}
	EndGlobalSection
EndGlobal
